// !$*UTF8*$!
{
	archiveVersion = 1;
	classes = {
	};
	objectVersion = 46;
	objects = {

/* Begin PBXBuildFile section */
		A61B321319B591C0003E29AC /* Foundation.framework in Frameworks */ = {isa = PBXBuildFile; fileRef = A61B321219B591C0003E29AC /* Foundation.framework */; };
		A61B321519B591C0003E29AC /* CoreGraphics.framework in Frameworks */ = {isa = PBXBuildFile; fileRef = A61B321419B591C0003E29AC /* CoreGraphics.framework */; };
		A61B321719B591C0003E29AC /* UIKit.framework in Frameworks */ = {isa = PBXBuildFile; fileRef = A61B321619B591C0003E29AC /* UIKit.framework */; };
		A61B321D19B591C0003E29AC /* InfoPlist.strings in Resources */ = {isa = PBXBuildFile; fileRef = A61B321B19B591C0003E29AC /* InfoPlist.strings */; };
		A61B321F19B591C0003E29AC /* main.m in Sources */ = {isa = PBXBuildFile; fileRef = A61B321E19B591C0003E29AC /* main.m */; };
		A61B322319B591C0003E29AC /* AppDelegate.m in Sources */ = {isa = PBXBuildFile; fileRef = A61B322219B591C0003E29AC /* AppDelegate.m */; };
		A61B322619B591C0003E29AC /* Main_iPhone.storyboard in Resources */ = {isa = PBXBuildFile; fileRef = A61B322419B591C0003E29AC /* Main_iPhone.storyboard */; };
		A61B322919B591C0003E29AC /* Main_iPad.storyboard in Resources */ = {isa = PBXBuildFile; fileRef = A61B322719B591C0003E29AC /* Main_iPad.storyboard */; };
		A61B322C19B591C0003E29AC /* ViewController.m in Sources */ = {isa = PBXBuildFile; fileRef = A61B322B19B591C0003E29AC /* ViewController.m */; };
		A61B322E19B591C0003E29AC /* Images.xcassets in Resources */ = {isa = PBXBuildFile; fileRef = A61B322D19B591C0003E29AC /* Images.xcassets */; };
		A61B323519B591C0003E29AC /* XCTest.framework in Frameworks */ = {isa = PBXBuildFile; fileRef = A61B323419B591C0003E29AC /* XCTest.framework */; };
		A61B323619B591C0003E29AC /* Foundation.framework in Frameworks */ = {isa = PBXBuildFile; fileRef = A61B321219B591C0003E29AC /* Foundation.framework */; };
		A61B323719B591C0003E29AC /* UIKit.framework in Frameworks */ = {isa = PBXBuildFile; fileRef = A61B321619B591C0003E29AC /* UIKit.framework */; };
		A61B323F19B591C0003E29AC /* InfoPlist.strings in Resources */ = {isa = PBXBuildFile; fileRef = A61B323D19B591C0003E29AC /* InfoPlist.strings */; };
		A61B324119B591C0003E29AC /* test2Tests.m in Sources */ = {isa = PBXBuildFile; fileRef = A61B324019B591C0003E29AC /* test2Tests.m */; };
/* End PBXBuildFile section */

/* Begin PBXContainerItemProxy section */
		A61B323819B591C0003E29AC /* PBXContainerItemProxy */ = {
			isa = PBXContainerItemProxy;
			containerPortal = A61B320719B591C0003E29AC /* Project object */;
			proxyType = 1;
			remoteGlobalIDString = A61B320E19B591C0003E29AC;
			remoteInfo = test2;
		};
/* End PBXContainerItemProxy section */

/* Begin PBXFileReference section */
		A61B320F19B591C0003E29AC /* test2.app */ = {isa = PBXFileReference; explicitFileType = wrapper.application; includeInIndex = 0; path = test2.app; sourceTree = BUILT_PRODUCTS_DIR; };
		A61B321219B591C0003E29AC /* Foundation.framework */ = {isa = PBXFileReference; lastKnownFileType = wrapper.framework; name = Foundation.framework; path = System/Library/Frameworks/Foundation.framework; sourceTree = SDKROOT; };
		A61B321419B591C0003E29AC /* CoreGraphics.framework */ = {isa = PBXFileReference; lastKnownFileType = wrapper.framework; name = CoreGraphics.framework; path = System/Library/Frameworks/CoreGraphics.framework; sourceTree = SDKROOT; };
		A61B321619B591C0003E29AC /* UIKit.framework */ = {isa = PBXFileReference; lastKnownFileType = wrapper.framework; name = UIKit.framework; path = System/Library/Frameworks/UIKit.framework; sourceTree = SDKROOT; };
		A61B321A19B591C0003E29AC /* test2-Info.plist */ = {isa = PBXFileReference; lastKnownFileType = text.plist.xml; path = "test2-Info.plist"; sourceTree = "<group>"; };
		A61B321C19B591C0003E29AC /* en */ = {isa = PBXFileReference; lastKnownFileType = text.plist.strings; name = en; path = en.lproj/InfoPlist.strings; sourceTree = "<group>"; };
		A61B321E19B591C0003E29AC /* main.m */ = {isa = PBXFileReference; lastKnownFileType = sourcecode.c.objc; path = main.m; sourceTree = "<group>"; };
		A61B322019B591C0003E29AC /* test2-Prefix.pch */ = {isa = PBXFileReference; lastKnownFileType = sourcecode.c.h; path = "test2-Prefix.pch"; sourceTree = "<group>"; };
		A61B322119B591C0003E29AC /* AppDelegate.h */ = {isa = PBXFileReference; lastKnownFileType = sourcecode.c.h; path = AppDelegate.h; sourceTree = "<group>"; };
		A61B322219B591C0003E29AC /* AppDelegate.m */ = {isa = PBXFileReference; lastKnownFileType = sourcecode.c.objc; path = AppDelegate.m; sourceTree = "<group>"; };
		A61B322519B591C0003E29AC /* Base */ = {isa = PBXFileReference; lastKnownFileType = file.storyboard; name = Base; path = Base.lproj/Main_iPhone.storyboard; sourceTree = "<group>"; };
		A61B322819B591C0003E29AC /* Base */ = {isa = PBXFileReference; lastKnownFileType = file.storyboard; name = Base; path = Base.lproj/Main_iPad.storyboard; sourceTree = "<group>"; };
		A61B322A19B591C0003E29AC /* ViewController.h */ = {isa = PBXFileReference; lastKnownFileType = sourcecode.c.h; path = ViewController.h; sourceTree = "<group>"; };
		A61B322B19B591C0003E29AC /* ViewController.m */ = {isa = PBXFileReference; lastKnownFileType = sourcecode.c.objc; path = ViewController.m; sourceTree = "<group>"; };
		A61B322D19B591C0003E29AC /* Images.xcassets */ = {isa = PBXFileReference; lastKnownFileType = folder.assetcatalog; path = Images.xcassets; sourceTree = "<group>"; };
		A61B323319B591C0003E29AC /* test2Tests.xctest */ = {isa = PBXFileReference; explicitFileType = wrapper.cfbundle; includeInIndex = 0; path = test2Tests.xctest; sourceTree = BUILT_PRODUCTS_DIR; };
		A61B323419B591C0003E29AC /* XCTest.framework */ = {isa = PBXFileReference; lastKnownFileType = wrapper.framework; name = XCTest.framework; path = Library/Frameworks/XCTest.framework; sourceTree = DEVELOPER_DIR; };
		A61B323C19B591C0003E29AC /* test2Tests-Info.plist */ = {isa = PBXFileReference; lastKnownFileType = text.plist.xml; path = "test2Tests-Info.plist"; sourceTree = "<group>"; };
		A61B323E19B591C0003E29AC /* en */ = {isa = PBXFileReference; lastKnownFileType = text.plist.strings; name = en; path = en.lproj/InfoPlist.strings; sourceTree = "<group>"; };
		A61B324019B591C0003E29AC /* test2Tests.m */ = {isa = PBXFileReference; lastKnownFileType = sourcecode.c.objc; path = test2Tests.m; sourceTree = "<group>"; };
/* End PBXFileReference section */

/* Begin PBXFrameworksBuildPhase section */
		A61B320C19B591C0003E29AC /* Frameworks */ = {
			isa = PBXFrameworksBuildPhase;
			buildActionMask = 2147483647;
			files = (
				A61B321519B591C0003E29AC /* CoreGraphics.framework in Frameworks */,
				A61B321719B591C0003E29AC /* UIKit.framework in Frameworks */,
				A61B321319B591C0003E29AC /* Foundation.framework in Frameworks */,
			);
			runOnlyForDeploymentPostprocessing = 0;
		};
		A61B323019B591C0003E29AC /* Frameworks */ = {
			isa = PBXFrameworksBuildPhase;
			buildActionMask = 2147483647;
			files = (
				A61B323519B591C0003E29AC /* XCTest.framework in Frameworks */,
				A61B323719B591C0003E29AC /* UIKit.framework in Frameworks */,
				A61B323619B591C0003E29AC /* Foundation.framework in Frameworks */,
			);
			runOnlyForDeploymentPostprocessing = 0;
		};
/* End PBXFrameworksBuildPhase section */

/* Begin PBXGroup section */
		A61B320619B591C0003E29AC = {
			isa = PBXGroup;
			children = (
				A61B321819B591C0003E29AC /* test2 */,
				A61B323A19B591C0003E29AC /* test2Tests */,
				A61B321119B591C0003E29AC /* Frameworks */,
				A61B321019B591C0003E29AC /* Products */,
			);
			sourceTree = "<group>";
		};
		A61B321019B591C0003E29AC /* Products */ = {
			isa = PBXGroup;
			children = (
				A61B320F19B591C0003E29AC /* test2.app */,
				A61B323319B591C0003E29AC /* test2Tests.xctest */,
			);
			name = Products;
			sourceTree = "<group>";
		};
		A61B321119B591C0003E29AC /* Frameworks */ = {
			isa = PBXGroup;
			children = (
				A61B321219B591C0003E29AC /* Foundation.framework */,
				A61B321419B591C0003E29AC /* CoreGraphics.framework */,
				A61B321619B591C0003E29AC /* UIKit.framework */,
				A61B323419B591C0003E29AC /* XCTest.framework */,
			);
			name = Frameworks;
			sourceTree = "<group>";
		};
		A61B321819B591C0003E29AC /* test2 */ = {
			isa = PBXGroup;
			children = (
				A61B322119B591C0003E29AC /* AppDelegate.h */,
				A61B322219B591C0003E29AC /* AppDelegate.m */,
				A61B322419B591C0003E29AC /* Main_iPhone.storyboard */,
				A61B322719B591C0003E29AC /* Main_iPad.storyboard */,
				A61B322A19B591C0003E29AC /* ViewController.h */,
				A61B322B19B591C0003E29AC /* ViewController.m */,
				A61B322D19B591C0003E29AC /* Images.xcassets */,
				A61B321919B591C0003E29AC /* Supporting Files */,
			);
			path = test2;
			sourceTree = "<group>";
		};
		A61B321919B591C0003E29AC /* Supporting Files */ = {
			isa = PBXGroup;
			children = (
				A61B321A19B591C0003E29AC /* test2-Info.plist */,
				A61B321B19B591C0003E29AC /* InfoPlist.strings */,
				A61B321E19B591C0003E29AC /* main.m */,
				A61B322019B591C0003E29AC /* test2-Prefix.pch */,
			);
			name = "Supporting Files";
			sourceTree = "<group>";
		};
		A61B323A19B591C0003E29AC /* test2Tests */ = {
			isa = PBXGroup;
			children = (
				A61B324019B591C0003E29AC /* test2Tests.m */,
				A61B323B19B591C0003E29AC /* Supporting Files */,
			);
			path = test2Tests;
			sourceTree = "<group>";
		};
		A61B323B19B591C0003E29AC /* Supporting Files */ = {
			isa = PBXGroup;
			children = (
				A61B323C19B591C0003E29AC /* test2Tests-Info.plist */,
				A61B323D19B591C0003E29AC /* InfoPlist.strings */,
			);
			name = "Supporting Files";
			sourceTree = "<group>";
		};
/* End PBXGroup section */

/* Begin PBXNativeTarget section */
		A61B320E19B591C0003E29AC /* test2 */ = {
			isa = PBXNativeTarget;
			buildConfigurationList = A61B324419B591C0003E29AC /* Build configuration list for PBXNativeTarget "test2" */;
			buildPhases = (
				A61B320B19B591C0003E29AC /* Sources */,
				A61B320C19B591C0003E29AC /* Frameworks */,
				A61B320D19B591C0003E29AC /* Resources */,
			);
			buildRules = (
			);
			dependencies = (
			);
			name = test2;
			productName = test2;
			productReference = A61B320F19B591C0003E29AC /* test2.app */;
			productType = "com.apple.product-type.application";
		};
		A61B323219B591C0003E29AC /* test2Tests */ = {
			isa = PBXNativeTarget;
			buildConfigurationList = A61B324719B591C0003E29AC /* Build configuration list for PBXNativeTarget "test2Tests" */;
			buildPhases = (
				A61B322F19B591C0003E29AC /* Sources */,
				A61B323019B591C0003E29AC /* Frameworks */,
				A61B323119B591C0003E29AC /* Resources */,
			);
			buildRules = (
			);
			dependencies = (
				A61B323919B591C0003E29AC /* PBXTargetDependency */,
			);
			name = test2Tests;
			productName = test2Tests;
			productReference = A61B323319B591C0003E29AC /* test2Tests.xctest */;
			productType = "com.apple.product-type.bundle.unit-test";
		};
/* End PBXNativeTarget section */

/* Begin PBXProject section */
		A61B320719B591C0003E29AC /* Project object */ = {
			isa = PBXProject;
			attributes = {
				LastUpgradeCheck = 0510;
				ORGANIZATIONNAME = "___FULLUSERNAME___";
				TargetAttributes = {
					A61B323219B591C0003E29AC = {
						TestTargetID = A61B320E19B591C0003E29AC;
					};
				};
			};
			buildConfigurationList = A61B320A19B591C0003E29AC /* Build configuration list for PBXProject "test2" */;
			compatibilityVersion = "Xcode 3.2";
			developmentRegion = English;
			hasScannedForEncodings = 0;
			knownRegions = (
				en,
				Base,
			);
			mainGroup = A61B320619B591C0003E29AC;
			productRefGroup = A61B321019B591C0003E29AC /* Products */;
			projectDirPath = "";
			projectRoot = "";
			targets = (
				A61B320E19B591C0003E29AC /* test2 */,
				A61B323219B591C0003E29AC /* test2Tests */,
			);
		};
/* End PBXProject section */

/* Begin PBXResourcesBuildPhase section */
		A61B320D19B591C0003E29AC /* Resources */ = {
			isa = PBXResourcesBuildPhase;
			buildActionMask = 2147483647;
			files = (
				A61B322919B591C0003E29AC /* Main_iPad.storyboard in Resources */,
				A61B322E19B591C0003E29AC /* Images.xcassets in Resources */,
				A61B322619B591C0003E29AC /* Main_iPhone.storyboard in Resources */,
				A61B321D19B591C0003E29AC /* InfoPlist.strings in Resources */,
			);
			runOnlyForDeploymentPostprocessing = 0;
		};
		A61B323119B591C0003E29AC /* Resources */ = {
			isa = PBXResourcesBuildPhase;
			buildActionMask = 2147483647;
			files = (
				A61B323F19B591C0003E29AC /* InfoPlist.strings in Resources */,
			);
			runOnlyForDeploymentPostprocessing = 0;
		};
/* End PBXResourcesBuildPhase section */

/* Begin PBXSourcesBuildPhase section */
		A61B320B19B591C0003E29AC /* Sources */ = {
			isa = PBXSourcesBuildPhase;
			buildActionMask = 2147483647;
			files = (
				A61B322C19B591C0003E29AC /* ViewController.m in Sources */,
				A61B322319B591C0003E29AC /* AppDelegate.m in Sources */,
				A61B321F19B591C0003E29AC /* main.m in Sources */,
			);
			runOnlyForDeploymentPostprocessing = 0;
		};
		A61B322F19B591C0003E29AC /* Sources */ = {
			isa = PBXSourcesBuildPhase;
			buildActionMask = 2147483647;
			files = (
				A61B324119B591C0003E29AC /* test2Tests.m in Sources */,
			);
			runOnlyForDeploymentPostprocessing = 0;
		};
/* End PBXSourcesBuildPhase section */

/* Begin PBXTargetDependency section */
		A61B323919B591C0003E29AC /* PBXTargetDependency */ = {
			isa = PBXTargetDependency;
			target = A61B320E19B591C0003E29AC /* test2 */;
			targetProxy = A61B323819B591C0003E29AC /* PBXContainerItemProxy */;
		};
/* End PBXTargetDependency section */

/* Begin PBXVariantGroup section */
		A61B321B19B591C0003E29AC /* InfoPlist.strings */ = {
			isa = PBXVariantGroup;
			children = (
				A61B321C19B591C0003E29AC /* en */,
			);
			name = InfoPlist.strings;
			sourceTree = "<group>";
		};
		A61B322419B591C0003E29AC /* Main_iPhone.storyboard */ = {
			isa = PBXVariantGroup;
			children = (
				A61B322519B591C0003E29AC /* Base */,
			);
			name = Main_iPhone.storyboard;
			sourceTree = "<group>";
		};
		A61B322719B591C0003E29AC /* Main_iPad.storyboard */ = {
			isa = PBXVariantGroup;
			children = (
				A61B322819B591C0003E29AC /* Base */,
			);
			name = Main_iPad.storyboard;
			sourceTree = "<group>";
		};
		A61B323D19B591C0003E29AC /* InfoPlist.strings */ = {
			isa = PBXVariantGroup;
			children = (
				A61B323E19B591C0003E29AC /* en */,
			);
			name = InfoPlist.strings;
			sourceTree = "<group>";
		};
/* End PBXVariantGroup section */

/* Begin XCBuildConfiguration section */
		A61B324219B591C0003E29AC /* Debug */ = {
			isa = XCBuildConfiguration;
			buildSettings = {
				ALWAYS_SEARCH_USER_PATHS = NO;
				CLANG_CXX_LANGUAGE_STANDARD = "gnu++0x";
				CLANG_CXX_LIBRARY = "libc++";
				CLANG_ENABLE_MODULES = YES;
				CLANG_ENABLE_OBJC_ARC = YES;
				CLANG_WARN_BOOL_CONVERSION = YES;
				CLANG_WARN_CONSTANT_CONVERSION = YES;
				CLANG_WARN_DIRECT_OBJC_ISA_USAGE = YES_ERROR;
				CLANG_WARN_EMPTY_BODY = YES;
				CLANG_WARN_ENUM_CONVERSION = YES;
				CLANG_WARN_INT_CONVERSION = YES;
				CLANG_WARN_OBJC_ROOT_CLASS = YES_ERROR;
				CLANG_WARN__DUPLICATE_METHOD_MATCH = YES;
				"CODE_SIGN_IDENTITY[sdk=iphoneos*]" = "iPhone Developer";
				COPY_PHASE_STRIP = NO;
				GCC_C_LANGUAGE_STANDARD = gnu99;
				GCC_DYNAMIC_NO_PIC = NO;
				GCC_OPTIMIZATION_LEVEL = 0;
				GCC_PREPROCESSOR_DEFINITIONS = (
					"DEBUG=1",
					"$(inherited)",
				);
				GCC_SYMBOLS_PRIVATE_EXTERN = NO;
				GCC_WARN_64_TO_32_BIT_CONVERSION = YES;
				GCC_WARN_ABOUT_RETURN_TYPE = YES_ERROR;
				GCC_WARN_UNDECLARED_SELECTOR = YES;
				GCC_WARN_UNINITIALIZED_AUTOS = YES_AGGRESSIVE;
				GCC_WARN_UNUSED_FUNCTION = YES;
				GCC_WARN_UNUSED_VARIABLE = YES;
				IPHONEOS_DEPLOYMENT_TARGET = 7.1;
				ONLY_ACTIVE_ARCH = YES;
				SDKROOT = iphoneos;
				TARGETED_DEVICE_FAMILY = "1,2";
			};
			name = Debug;
		};
		A61B324319B591C0003E29AC /* Release */ = {
			isa = XCBuildConfiguration;
			buildSettings = {
				ALWAYS_SEARCH_USER_PATHS = NO;
				CLANG_CXX_LANGUAGE_STANDARD = "gnu++0x";
				CLANG_CXX_LIBRARY = "libc++";
				CLANG_ENABLE_MODULES = YES;
				CLANG_ENABLE_OBJC_ARC = YES;
				CLANG_WARN_BOOL_CONVERSION = YES;
				CLANG_WARN_CONSTANT_CONVERSION = YES;
				CLANG_WARN_DIRECT_OBJC_ISA_USAGE = YES_ERROR;
				CLANG_WARN_EMPTY_BODY = YES;
				CLANG_WARN_ENUM_CONVERSION = YES;
				CLANG_WARN_INT_CONVERSION = YES;
				CLANG_WARN_OBJC_ROOT_CLASS = YES_ERROR;
				CLANG_WARN__DUPLICATE_METHOD_MATCH = YES;
				"CODE_SIGN_IDENTITY[sdk=iphoneos*]" = "iPhone Developer";
				COPY_PHASE_STRIP = YES;
				ENABLE_NS_ASSERTIONS = NO;
				GCC_C_LANGUAGE_STANDARD = gnu99;
				GCC_WARN_64_TO_32_BIT_CONVERSION = YES;
				GCC_WARN_ABOUT_RETURN_TYPE = YES_ERROR;
				GCC_WARN_UNDECLARED_SELECTOR = YES;
				GCC_WARN_UNINITIALIZED_AUTOS = YES_AGGRESSIVE;
				GCC_WARN_UNUSED_FUNCTION = YES;
				GCC_WARN_UNUSED_VARIABLE = YES;
				IPHONEOS_DEPLOYMENT_TARGET = 7.1;
				SDKROOT = iphoneos;
				TARGETED_DEVICE_FAMILY = "1,2";
				VALIDATE_PRODUCT = YES;
			};
			name = Release;
		};
		A61B324519B591C0003E29AC /* Debug */ = {
			isa = XCBuildConfiguration;
			buildSettings = {
				ASSETCATALOG_COMPILER_APPICON_NAME = AppIcon;
				ASSETCATALOG_COMPILER_LAUNCHIMAGE_NAME = LaunchImage;
				GCC_PRECOMPILE_PREFIX_HEADER = YES;
				GCC_PREFIX_HEADER = "test2/test2-Prefix.pch";
				INFOPLIST_FILE = "test2/test2-Info.plist";
				PRODUCT_NAME = "$(TARGET_NAME)";
				WRAPPER_EXTENSION = app;
			};
			name = Debug;
		};
		A61B324619B591C0003E29AC /* Release */ = {
			isa = XCBuildConfiguration;
			buildSettings = {
				ASSETCATALOG_COMPILER_APPICON_NAME = AppIcon;
				ASSETCATALOG_COMPILER_LAUNCHIMAGE_NAME = LaunchImage;
				GCC_PRECOMPILE_PREFIX_HEADER = YES;
				GCC_PREFIX_HEADER = "test2/test2-Prefix.pch";
				INFOPLIST_FILE = "test2/test2-Info.plist";
				PRODUCT_NAME = "$(TARGET_NAME)";
				WRAPPER_EXTENSION = app;
			};
			name = Release;
		};
		A61B324819B591C0003E29AC /* Debug */ = {
			isa = XCBuildConfiguration;
			buildSettings = {
				BUNDLE_LOADER = "$(BUILT_PRODUCTS_DIR)/test2.app/test2";
				FRAMEWORK_SEARCH_PATHS = (
					"$(SDKROOT)/Developer/Library/Frameworks",
					"$(inherited)",
					"$(DEVELOPER_FRAMEWORKS_DIR)",
				);
				GCC_PRECOMPILE_PREFIX_HEADER = YES;
				GCC_PREFIX_HEADER = "test2/test2-Prefix.pch";
				GCC_PREPROCESSOR_DEFINITIONS = (
					"DEBUG=1",
					"$(inherited)",
				);
				INFOPLIST_FILE = "test2Tests/test2Tests-Info.plist";
				PRODUCT_NAME = "$(TARGET_NAME)";
				TEST_HOST = "$(BUNDLE_LOADER)";
				WRAPPER_EXTENSION = xctest;
			};
			name = Debug;
		};
		A61B324919B591C0003E29AC /* Release */ = {
			isa = XCBuildConfiguration;
			buildSettings = {
				BUNDLE_LOADER = "$(BUILT_PRODUCTS_DIR)/test2.app/test2";
				FRAMEWORK_SEARCH_PATHS = (
					"$(SDKROOT)/Developer/Library/Frameworks",
					"$(inherited)",
					"$(DEVELOPER_FRAMEWORKS_DIR)",
				);
				GCC_PRECOMPILE_PREFIX_HEADER = YES;
				GCC_PREFIX_HEADER = "test2/test2-Prefix.pch";
				INFOPLIST_FILE = "test2Tests/test2Tests-Info.plist";
				PRODUCT_NAME = "$(TARGET_NAME)";
				TEST_HOST = "$(BUNDLE_LOADER)";
				WRAPPER_EXTENSION = xctest;
			};
			name = Release;
		};
/* End XCBuildConfiguration section */

/* Begin XCConfigurationList section */
		A61B320A19B591C0003E29AC /* Build configuration list for PBXProject "test2" */ = {
			isa = XCConfigurationList;
			buildConfigurations = (
				A61B324219B591C0003E29AC /* Debug */,
				A61B324319B591C0003E29AC /* Release */,
			);
			defaultConfigurationIsVisible = 0;
			defaultConfigurationName = Release;
		};
		A61B324419B591C0003E29AC /* Build configuration list for PBXNativeTarget "test2" */ = {
			isa = XCConfigurationList;
			buildConfigurations = (
				A61B324519B591C0003E29AC /* Debug */,
				A61B324619B591C0003E29AC /* Release */,
			);
			defaultConfigurationIsVisible = 0;
		};
		A61B324719B591C0003E29AC /* Build configuration list for PBXNativeTarget "test2Tests" */ = {
			isa = XCConfigurationList;
			buildConfigurations = (
				A61B324819B591C0003E29AC /* Debug */,
				A61B324919B591C0003E29AC /* Release */,
			);
			defaultConfigurationIsVisible = 0;
		};
/* End XCConfigurationList section */
	};
	rootObject = A61B320719B591C0003E29AC /* Project object */;
}
